
Microsoft Visual Studio Solution File, Format Version 12.00
# Visual Studio Version 17
VisualStudioVersion = 17.5.002.0
MinimumVisualStudioVersion = 10.0.40219.1
Project("{9A19103F-16F7-4668-BE54-9A1E7A4F7556}") = "Mvcproject", "Mvcproject.csproj", "{24EE132B-B114-4616-BE92-8364EB4ADBC0}"
EndProject
Global
	GlobalSection(SolutionConfigurationPlatforms) = preSolution
		Debug|Any CPU = Debug|Any CPU
		Release|Any CPU = Release|Any CPU
	EndGlobalSection
	GlobalSection(ProjectConfigurationPlatforms) = postSolution
		{24EE132B-B114-4616-BE92-8364EB4ADBC0}.Debug|Any CPU.ActiveCfg = Debug|Any CPU
		{24EE132B-B114-4616-BE92-8364EB4ADBC0}.Debug|Any CPU.Build.0 = Debug|Any CPU
		{24EE132B-B114-4616-BE92-8364EB4ADBC0}.Release|Any CPU.ActiveCfg = Release|Any CPU
		{24EE132B-B114-4616-BE92-8364EB4ADBC0}.Release|Any CPU.Build.0 = Release|Any CPU
	EndGlobalSection
	GlobalSection(SolutionProperties) = preSolution
		HideSolutionNode = FALSE
	EndGlobalSection
	GlobalSection(ExtensibilityGlobals) = postSolution
		SolutionGuid = {DAA443CD-90AA-45BB-AD39-23DA2B4B273B}
	EndGlobalSection
EndGlobal
